
Microsoft Visual Studio Solution File, Format Version 12.00
# Visual Studio Version 17
VisualStudioVersion = 17.10.35004.147
MinimumVisualStudioVersion = 10.0.40219.1
Project("{FAE04EC0-301F-11D3-BF4B-00C04F79EFBC}") = "SleepOnLan", "SleepOnLan.csproj", "{8DE873D7-E109-48FF-BC24-3FDBDB9E9589}"
EndProject
Project("{FAE04EC0-301F-11D3-BF4B-00C04F79EFBC}") = "portListener", "..\portListener\portListener.csproj", "{3DC7844F-25A8-4F64-8B95-B1137F3F501E}"
EndProject
Global
	GlobalSection(SolutionConfigurationPlatforms) = preSolution
		Debug|Any CPU = Debug|Any CPU
		Release|Any CPU = Release|Any CPU
	EndGlobalSection
	GlobalSection(ProjectConfigurationPlatforms) = postSolution
		{8DE873D7-E109-48FF-BC24-3FDBDB9E9589}.Debug|Any CPU.ActiveCfg = Debug|Any CPU
		{8DE873D7-E109-48FF-BC24-3FDBDB9E9589}.Debug|Any CPU.Build.0 = Debug|Any CPU
		{8DE873D7-E109-48FF-BC24-3FDBDB9E9589}.Release|Any CPU.ActiveCfg = Release|Any CPU
		{8DE873D7-E109-48FF-BC24-3FDBDB9E9589}.Release|Any CPU.Build.0 = Release|Any CPU
		{3DC7844F-25A8-4F64-8B95-B1137F3F501E}.Debug|Any CPU.ActiveCfg = Debug|Any CPU
		{3DC7844F-25A8-4F64-8B95-B1137F3F501E}.Debug|Any CPU.Build.0 = Debug|Any CPU
		{3DC7844F-25A8-4F64-8B95-B1137F3F501E}.Release|Any CPU.ActiveCfg = Release|Any CPU
		{3DC7844F-25A8-4F64-8B95-B1137F3F501E}.Release|Any CPU.Build.0 = Release|Any CPU
	EndGlobalSection
	GlobalSection(SolutionProperties) = preSolution
		HideSolutionNode = FALSE
	EndGlobalSection
	GlobalSection(ExtensibilityGlobals) = postSolution
		SolutionGuid = {F799DA57-B3CC-4161-B625-311D0C6470BB}
	EndGlobalSection
EndGlobal
